<Solution>
  <Project Path="App_Gateway/App_Gateway.csproj" />
  <Project Path="App_Auth/App_Auth.csproj" />
  <Project Path="App_Storage/App_Storage.csproj" />
  <Project Path="App_Contract/App_Contract.csproj" />
  <Project Path="Common/Data/Data.csproj" />
  <Project Path="Common/Models/Models.csproj" />
  <Project Path="Common/Services/Services.csproj" />
</Solution>
